{
  "requires": true,
  "lockfileVersion": 1,
  "dependencies": {
    "@ng-bootstrap/ng-bootstrap": {
      "version": "6.0.2",
      "resolved": "https://registry.npmjs.org/@ng-bootstrap/ng-bootstrap/-/ng-bootstrap-6.0.2.tgz",
      "integrity": "sha512-8+Dz8GN15zneIA4+mQ7b1j5O+oHsFdhTYQVDGk6eAazHeqrFD0+o8N+pLZL2PZlf98WcHFmXIOqKXrBD8iLl1g=="
    },
    "@types/jquery": {
      "version": "3.3.38",
      "resolved": "https://registry.npmjs.org/@types/jquery/-/jquery-3.3.38.tgz",
      "integrity": "sha512-nkDvmx7x/6kDM5guu/YpXkGZ/Xj/IwGiLDdKM99YA5Vag7pjGyTJ8BNUh/6hxEn/sEu5DKtyRgnONJ7EmOoKrA==",
      "requires": {
        "@types/sizzle": "*"
      }
    },
    "@types/sizzle": {
      "version": "2.3.2",
      "resolved": "https://registry.npmjs.org/@types/sizzle/-/sizzle-2.3.2.tgz",
      "integrity": "sha512-7EJYyKTL7tFR8+gDbB6Wwz/arpGa0Mywk1TJbNzKzHtzbwVmY4HR9WqS5VV7dsBUKQmPNr192jHr/VpBluj/hg=="
    },
    "popper.js": {
      "version": "1.16.1",
      "resolved": "https://registry.npmjs.org/popper.js/-/popper.js-1.16.1.tgz",
      "integrity": "sha512-Wb4p1J4zyFTbM+u6WuO4XstYx4Ky9Cewe4DWrel7B0w6VVICvPwdOpotjzcf6eD8TsckVnIMNONQyPIUFOUbCQ=="
    }
  }
}
